
Microsoft Visual Studio Solution File, Format Version 12.00
# Visual Studio Version 17
VisualStudioVersion = 17.1.32210.238
MinimumVisualStudioVersion = 10.0.40219.1
Project("{FAE04EC0-301F-11D3-BF4B-00C04F79EFBC}") = "ModernisationChallenge.DataAccess", "ModernisationChallenge.DataAccess\ModernisationChallenge.DataAccess.csproj", "{B0E280DF-B107-48B4-8A62-ACACE24B4DC2}"
EndProject
Project("{FAE04EC0-301F-11D3-BF4B-00C04F79EFBC}") = "ModernisationChallenge.Website", "ModernisationChallenge.Website\ModernisationChallenge.Website.csproj", "{8988D1FD-FF3A-4DFD-ACA6-80B8D460EF91}"
EndProject
Global
	GlobalSection(SolutionConfigurationPlatforms) = preSolution
		Debug|Any CPU = Debug|Any CPU
		Release|Any CPU = Release|Any CPU
	EndGlobalSection
	GlobalSection(ProjectConfigurationPlatforms) = postSolution
		{B0E280DF-B107-48B4-8A62-ACACE24B4DC2}.Debug|Any CPU.ActiveCfg = Debug|Any CPU
		{B0E280DF-B107-48B4-8A62-ACACE24B4DC2}.Debug|Any CPU.Build.0 = Debug|Any CPU
		{B0E280DF-B107-48B4-8A62-ACACE24B4DC2}.Release|Any CPU.ActiveCfg = Release|Any CPU
		{B0E280DF-B107-48B4-8A62-ACACE24B4DC2}.Release|Any CPU.Build.0 = Release|Any CPU
		{8988D1FD-FF3A-4DFD-ACA6-80B8D460EF91}.Debug|Any CPU.ActiveCfg = Debug|Any CPU
		{8988D1FD-FF3A-4DFD-ACA6-80B8D460EF91}.Debug|Any CPU.Build.0 = Debug|Any CPU
		{8988D1FD-FF3A-4DFD-ACA6-80B8D460EF91}.Release|Any CPU.ActiveCfg = Release|Any CPU
		{8988D1FD-FF3A-4DFD-ACA6-80B8D460EF91}.Release|Any CPU.Build.0 = Release|Any CPU
	EndGlobalSection
	GlobalSection(SolutionProperties) = preSolution
		HideSolutionNode = FALSE
	EndGlobalSection
	GlobalSection(ExtensibilityGlobals) = postSolution
		SolutionGuid = {87D8098D-44A1-4AFC-BF83-7902FB49BDA1}
	EndGlobalSection
EndGlobal
